
Microsoft Visual Studio Solution File, Format Version 12.00
# Visual Studio 15
VisualStudioVersion = 15.0.27703.2018
MinimumVisualStudioVersion = 10.0.40219.1
Project("{FAE04EC0-301F-11D3-BF4B-00C04F79EFBC}") = "FortifiAPI", "FortifiAPI\FortifiAPI.csproj", "{6185A1B2-FBBB-4524-8BE7-88CBE763B16B}"
EndProject
Project("{FAE04EC0-301F-11D3-BF4B-00C04F79EFBC}") = "FortifiAPI_Example", "FortifiAPI_Example\FortifiAPI_Example.csproj", "{8170F898-04A5-481D-9F66-F1E517C3CA1A}"
EndProject
Global
	GlobalSection(SolutionConfigurationPlatforms) = preSolution
		Debug|Any CPU = Debug|Any CPU
		Release|Any CPU = Release|Any CPU
	EndGlobalSection
	GlobalSection(ProjectConfigurationPlatforms) = postSolution
		{6185A1B2-FBBB-4524-8BE7-88CBE763B16B}.Debug|Any CPU.ActiveCfg = Debug|Any CPU
		{6185A1B2-FBBB-4524-8BE7-88CBE763B16B}.Debug|Any CPU.Build.0 = Debug|Any CPU
		{6185A1B2-FBBB-4524-8BE7-88CBE763B16B}.Release|Any CPU.ActiveCfg = Release|Any CPU
		{6185A1B2-FBBB-4524-8BE7-88CBE763B16B}.Release|Any CPU.Build.0 = Release|Any CPU
		{8170F898-04A5-481D-9F66-F1E517C3CA1A}.Debug|Any CPU.ActiveCfg = Debug|Any CPU
		{8170F898-04A5-481D-9F66-F1E517C3CA1A}.Debug|Any CPU.Build.0 = Debug|Any CPU
		{8170F898-04A5-481D-9F66-F1E517C3CA1A}.Release|Any CPU.ActiveCfg = Release|Any CPU
		{8170F898-04A5-481D-9F66-F1E517C3CA1A}.Release|Any CPU.Build.0 = Release|Any CPU
	EndGlobalSection
	GlobalSection(SolutionProperties) = preSolution
		HideSolutionNode = FALSE
	EndGlobalSection
	GlobalSection(ExtensibilityGlobals) = postSolution
		SolutionGuid = {CA45EBC5-E001-404F-AEB7-99930EE67CA1}
	EndGlobalSection
EndGlobal
